
Microsoft Visual Studio Solution File, Format Version 12.00
# Visual Studio Version 16
VisualStudioVersion = 16.0.29911.84
MinimumVisualStudioVersion = 10.0.40219.1
Project("{FAE04EC0-301F-11D3-BF4B-00C04F79EFBC}") = "LauncherDesktop", "LauncherDesktop\LauncherDesktop.csproj", "{13E1ECA4-4072-4DF6-83AB-0E7E8D1AB022}"
EndProject
Global
	GlobalSection(SolutionConfigurationPlatforms) = preSolution
		Debug|Any CPU = Debug|Any CPU
		Release|Any CPU = Release|Any CPU
	EndGlobalSection
	GlobalSection(ProjectConfigurationPlatforms) = postSolution
		{13E1ECA4-4072-4DF6-83AB-0E7E8D1AB022}.Debug|Any CPU.ActiveCfg = Debug|Any CPU
		{13E1ECA4-4072-4DF6-83AB-0E7E8D1AB022}.Debug|Any CPU.Build.0 = Debug|Any CPU
		{13E1ECA4-4072-4DF6-83AB-0E7E8D1AB022}.Release|Any CPU.ActiveCfg = Release|Any CPU
		{13E1ECA4-4072-4DF6-83AB-0E7E8D1AB022}.Release|Any CPU.Build.0 = Release|Any CPU
	EndGlobalSection
	GlobalSection(SolutionProperties) = preSolution
		HideSolutionNode = FALSE
	EndGlobalSection
	GlobalSection(ExtensibilityGlobals) = postSolution
		SolutionGuid = {1A6BA669-BA91-4565-A422-7865734A528A}
	EndGlobalSection
EndGlobal
